
Microsoft Visual Studio Solution File, Format Version 12.00
# Visual Studio Version 17
VisualStudioVersion = 17.2.32526.322
MinimumVisualStudioVersion = 10.0.40219.1
Project("{FAE04EC0-301F-11D3-BF4B-00C04F79EFBC}") = "Domain", "Domain\Domain.csproj", "{803A7C39-97E4-4AEC-8F4C-1B4690D10B9A}"
EndProject
Project("{2150E333-8FDC-42A3-9474-1A3956D46DE8}") = "1- API", "1- API", "{5D8D28D2-B688-4B51-8A7D-5D7BBD7E762E}"
EndProject
Project("{FAE04EC0-301F-11D3-BF4B-00C04F79EFBC}") = "API", "API\API.csproj", "{FEC48CA4-A983-4CEF-B721-21E8AA377919}"
EndProject
Project("{2150E333-8FDC-42A3-9474-1A3956D46DE8}") = "2 - Domain", "2 - Domain", "{CD0EBEFD-881E-4127-9CFF-E6C1F53C6D51}"
EndProject
Project("{2150E333-8FDC-42A3-9474-1A3956D46DE8}") = "3 -Infrastructure", "3 -Infrastructure", "{AA6DB261-62E3-4983-A4BA-726AB1F5419E}"
EndProject
Project("{FAE04EC0-301F-11D3-BF4B-00C04F79EFBC}") = "Infrastructure", "Infrastructure\Infrastructure.csproj", "{F5AC12C0-BF1B-43E2-A3B2-27430426B9CE}"
EndProject
Global
	GlobalSection(SolutionConfigurationPlatforms) = preSolution
		Debug|Any CPU = Debug|Any CPU
		Release|Any CPU = Release|Any CPU
	EndGlobalSection
	GlobalSection(ProjectConfigurationPlatforms) = postSolution
		{803A7C39-97E4-4AEC-8F4C-1B4690D10B9A}.Debug|Any CPU.ActiveCfg = Debug|Any CPU
		{803A7C39-97E4-4AEC-8F4C-1B4690D10B9A}.Debug|Any CPU.Build.0 = Debug|Any CPU
		{803A7C39-97E4-4AEC-8F4C-1B4690D10B9A}.Release|Any CPU.ActiveCfg = Release|Any CPU
		{803A7C39-97E4-4AEC-8F4C-1B4690D10B9A}.Release|Any CPU.Build.0 = Release|Any CPU
		{FEC48CA4-A983-4CEF-B721-21E8AA377919}.Debug|Any CPU.ActiveCfg = Debug|Any CPU
		{FEC48CA4-A983-4CEF-B721-21E8AA377919}.Debug|Any CPU.Build.0 = Debug|Any CPU
		{FEC48CA4-A983-4CEF-B721-21E8AA377919}.Release|Any CPU.ActiveCfg = Release|Any CPU
		{FEC48CA4-A983-4CEF-B721-21E8AA377919}.Release|Any CPU.Build.0 = Release|Any CPU
		{F5AC12C0-BF1B-43E2-A3B2-27430426B9CE}.Debug|Any CPU.ActiveCfg = Debug|Any CPU
		{F5AC12C0-BF1B-43E2-A3B2-27430426B9CE}.Debug|Any CPU.Build.0 = Debug|Any CPU
		{F5AC12C0-BF1B-43E2-A3B2-27430426B9CE}.Release|Any CPU.ActiveCfg = Release|Any CPU
		{F5AC12C0-BF1B-43E2-A3B2-27430426B9CE}.Release|Any CPU.Build.0 = Release|Any CPU
	EndGlobalSection
	GlobalSection(SolutionProperties) = preSolution
		HideSolutionNode = FALSE
	EndGlobalSection
	GlobalSection(NestedProjects) = preSolution
		{803A7C39-97E4-4AEC-8F4C-1B4690D10B9A} = {CD0EBEFD-881E-4127-9CFF-E6C1F53C6D51}
		{FEC48CA4-A983-4CEF-B721-21E8AA377919} = {5D8D28D2-B688-4B51-8A7D-5D7BBD7E762E}
		{F5AC12C0-BF1B-43E2-A3B2-27430426B9CE} = {AA6DB261-62E3-4983-A4BA-726AB1F5419E}
	EndGlobalSection
	GlobalSection(ExtensibilityGlobals) = postSolution
		SolutionGuid = {A567335A-B83D-4C06-AAC4-2033239F74F9}
	EndGlobalSection
EndGlobal
